
Microsoft Visual Studio Solution File, Format Version 12.00
# Visual Studio Version 16
VisualStudioVersion = 16.0.30523.141
MinimumVisualStudioVersion = 10.0.40219.1
Project("{FAE04EC0-301F-11D3-BF4B-00C04F79EFBC}") = "FinalChallenge", "FinalChallenge.csproj", "{29424765-3CB5-4B4A-9674-37050B85DED8}"
EndProject
Global
	GlobalSection(SolutionConfigurationPlatforms) = preSolution
		Debug|Any CPU = Debug|Any CPU
		Release|Any CPU = Release|Any CPU
	EndGlobalSection
	GlobalSection(ProjectConfigurationPlatforms) = postSolution
		{29424765-3CB5-4B4A-9674-37050B85DED8}.Debug|Any CPU.ActiveCfg = Debug|Any CPU
		{29424765-3CB5-4B4A-9674-37050B85DED8}.Debug|Any CPU.Build.0 = Debug|Any CPU
		{29424765-3CB5-4B4A-9674-37050B85DED8}.Release|Any CPU.ActiveCfg = Release|Any CPU
		{29424765-3CB5-4B4A-9674-37050B85DED8}.Release|Any CPU.Build.0 = Release|Any CPU
	EndGlobalSection
	GlobalSection(SolutionProperties) = preSolution
		HideSolutionNode = FALSE
	EndGlobalSection
	GlobalSection(ExtensibilityGlobals) = postSolution
		SolutionGuid = {1D621806-DDE2-4C27-AEFB-6A8C23EC3E7F}
	EndGlobalSection
EndGlobal
