
Microsoft Visual Studio Solution File, Format Version 12.00
# Visual Studio Version 16
VisualStudioVersion = 16.0.30204.135
MinimumVisualStudioVersion = 10.0.40219.1
Project("{FAE04EC0-301F-11D3-BF4B-00C04F79EFBC}") = "FirstWebApp", "FirstWebApp.csproj", "{C94FDD18-E07B-4888-BA22-CC555FF8B61E}"
EndProject
Global
	GlobalSection(SolutionConfigurationPlatforms) = preSolution
		Debug|Any CPU = Debug|Any CPU
		Release|Any CPU = Release|Any CPU
	EndGlobalSection
	GlobalSection(ProjectConfigurationPlatforms) = postSolution
		{C94FDD18-E07B-4888-BA22-CC555FF8B61E}.Debug|Any CPU.ActiveCfg = Debug|Any CPU
		{C94FDD18-E07B-4888-BA22-CC555FF8B61E}.Debug|Any CPU.Build.0 = Debug|Any CPU
		{C94FDD18-E07B-4888-BA22-CC555FF8B61E}.Release|Any CPU.ActiveCfg = Release|Any CPU
		{C94FDD18-E07B-4888-BA22-CC555FF8B61E}.Release|Any CPU.Build.0 = Release|Any CPU
	EndGlobalSection
	GlobalSection(SolutionProperties) = preSolution
		HideSolutionNode = FALSE
	EndGlobalSection
	GlobalSection(ExtensibilityGlobals) = postSolution
		SolutionGuid = {EEC75B47-0AFB-44D2-93FC-A5B371421667}
	EndGlobalSection
EndGlobal
