
Microsoft Visual Studio Solution File, Format Version 12.00
# Visual Studio Version 16
VisualStudioVersion = 16.0.30523.141
MinimumVisualStudioVersion = 10.0.40219.1
Project("{FAE04EC0-301F-11D3-BF4B-00C04F79EFBC}") = "Step443Challenge", "Step443Challenge.csproj", "{FDCA0176-8F4C-4A83-8693-63823EAFC910}"
EndProject
Global
	GlobalSection(SolutionConfigurationPlatforms) = preSolution
		Debug|Any CPU = Debug|Any CPU
		Release|Any CPU = Release|Any CPU
	EndGlobalSection
	GlobalSection(ProjectConfigurationPlatforms) = postSolution
		{FDCA0176-8F4C-4A83-8693-63823EAFC910}.Debug|Any CPU.ActiveCfg = Debug|Any CPU
		{FDCA0176-8F4C-4A83-8693-63823EAFC910}.Debug|Any CPU.Build.0 = Debug|Any CPU
		{FDCA0176-8F4C-4A83-8693-63823EAFC910}.Release|Any CPU.ActiveCfg = Release|Any CPU
		{FDCA0176-8F4C-4A83-8693-63823EAFC910}.Release|Any CPU.Build.0 = Release|Any CPU
	EndGlobalSection
	GlobalSection(SolutionProperties) = preSolution
		HideSolutionNode = FALSE
	EndGlobalSection
	GlobalSection(ExtensibilityGlobals) = postSolution
		SolutionGuid = {0F102EE4-8A3E-4694-89BD-6BCBEE0F2193}
	EndGlobalSection
EndGlobal
